
Microsoft Visual Studio Solution File, Format Version 12.00
# Visual Studio Version 17
VisualStudioVersion = 17.0.32014.148
MinimumVisualStudioVersion = 10.0.40219.1
Project("{FAE04EC0-301F-11D3-BF4B-00C04F79EFBC}") = "AutoAndroidEmulator", "AutoAndroidEmulator\AutoAndroidEmulator.csproj", "{52155316-F0E5-4B59-A24E-675B24B1A47D}"
EndProject
Project("{FAE04EC0-301F-11D3-BF4B-00C04F79EFBC}") = "Test", "Test\Test.csproj", "{E200AB60-0AD0-44A5-8F87-13768602B2CF}"
EndProject
Project("{FAE04EC0-301F-11D3-BF4B-00C04F79EFBC}") = "AutoAndroidEmulatorTests", "AutoAndroidEmulatorTests\AutoAndroidEmulatorTests.csproj", "{2045E0B3-9CF9-481F-9A40-F7E420FE963F}"
EndProject
Global
	GlobalSection(SolutionConfigurationPlatforms) = preSolution
		Debug|Any CPU = Debug|Any CPU
		Release|Any CPU = Release|Any CPU
	EndGlobalSection
	GlobalSection(ProjectConfigurationPlatforms) = postSolution
		{52155316-F0E5-4B59-A24E-675B24B1A47D}.Debug|Any CPU.ActiveCfg = Debug|Any CPU
		{52155316-F0E5-4B59-A24E-675B24B1A47D}.Debug|Any CPU.Build.0 = Debug|Any CPU
		{52155316-F0E5-4B59-A24E-675B24B1A47D}.Release|Any CPU.ActiveCfg = Release|Any CPU
		{52155316-F0E5-4B59-A24E-675B24B1A47D}.Release|Any CPU.Build.0 = Release|Any CPU
		{E200AB60-0AD0-44A5-8F87-13768602B2CF}.Debug|Any CPU.ActiveCfg = Debug|Any CPU
		{E200AB60-0AD0-44A5-8F87-13768602B2CF}.Debug|Any CPU.Build.0 = Debug|Any CPU
		{E200AB60-0AD0-44A5-8F87-13768602B2CF}.Release|Any CPU.ActiveCfg = Release|Any CPU
		{E200AB60-0AD0-44A5-8F87-13768602B2CF}.Release|Any CPU.Build.0 = Release|Any CPU
		{2045E0B3-9CF9-481F-9A40-F7E420FE963F}.Debug|Any CPU.ActiveCfg = Debug|Any CPU
		{2045E0B3-9CF9-481F-9A40-F7E420FE963F}.Debug|Any CPU.Build.0 = Debug|Any CPU
		{2045E0B3-9CF9-481F-9A40-F7E420FE963F}.Release|Any CPU.ActiveCfg = Release|Any CPU
		{2045E0B3-9CF9-481F-9A40-F7E420FE963F}.Release|Any CPU.Build.0 = Release|Any CPU
	EndGlobalSection
	GlobalSection(SolutionProperties) = preSolution
		HideSolutionNode = FALSE
	EndGlobalSection
	GlobalSection(ExtensibilityGlobals) = postSolution
		SolutionGuid = {0DC088AA-1AB4-4E6F-8947-0114DA453F9A}
	EndGlobalSection
EndGlobal
